Microsoft Visual Studio Solution File, Format Version 12.00
# Visual Studio Version 17
VisualStudioVersion = 17.5.2.0
MinimumVisualStudioVersion = 10.0.40219.1
Project("{2150E333-8FDC-42A3-9474-1A3956D46DE8}") = "backend", "backend", "{1AE8ACA6-933B-BF2A-3671-3E2EAC007D16}"
EndProject
Project("{2150E333-8FDC-42A3-9474-1A3956D46DE8}") = "intex", "intex", "{23944089-02E8-8BBB-0155-C72A200715A3}"
EndProject
Project("{FAE04EC0-301F-11D3-BF4B-00C04F79EFBC}") = "intex", "backend\intex\intex\intex.csproj", "{F42B905B-E928-648A-D56C-415C3755D092}"
EndProject
Project("{FAE04EC0-301F-11D3-BF4B-00C04F79EFBC}") = "intex.Tests", "backend\intex\intex.Tests\intex.Tests.csproj", "{16BB5587-BF73-0BD6-DD91-CA79F4994EAD}"
EndProject
Global
	GlobalSection(SolutionConfigurationPlatforms) = preSolution
		Debug|Any CPU = Debug|Any CPU
		Release|Any CPU = Release|Any CPU
	EndGlobalSection
	GlobalSection(ProjectConfigurationPlatforms) = postSolution
		{F42B905B-E928-648A-D56C-415C3755D092}.Debug|Any CPU.ActiveCfg = Debug|Any CPU
		{F42B905B-E928-648A-D56C-415C3755D092}.Debug|Any CPU.Build.0 = Debug|Any CPU
		{F42B905B-E928-648A-D56C-415C3755D092}.Release|Any CPU.ActiveCfg = Release|Any CPU
		{F42B905B-E928-648A-D56C-415C3755D092}.Release|Any CPU.Build.0 = Release|Any CPU
		{16BB5587-BF73-0BD6-DD91-CA79F4994EAD}.Debug|Any CPU.ActiveCfg = Debug|Any CPU
		{16BB5587-BF73-0BD6-DD91-CA79F4994EAD}.Debug|Any CPU.Build.0 = Debug|Any CPU
		{16BB5587-BF73-0BD6-DD91-CA79F4994EAD}.Release|Any CPU.ActiveCfg = Release|Any CPU
		{16BB5587-BF73-0BD6-DD91-CA79F4994EAD}.Release|Any CPU.Build.0 = Release|Any CPU
	EndGlobalSection
	GlobalSection(SolutionProperties) = preSolution
		HideSolutionNode = FALSE
	EndGlobalSection
	GlobalSection(NestedProjects) = preSolution
		{23944089-02E8-8BBB-0155-C72A200715A3} = {1AE8ACA6-933B-BF2A-3671-3E2EAC007D16}
		{F42B905B-E928-648A-D56C-415C3755D092} = {23944089-02E8-8BBB-0155-C72A200715A3}
		{16BB5587-BF73-0BD6-DD91-CA79F4994EAD} = {23944089-02E8-8BBB-0155-C72A200715A3}
	EndGlobalSection
	GlobalSection(ExtensibilityGlobals) = postSolution
		SolutionGuid = {B8101FF7-A4F4-4697-A634-AC076A3123D6}
	EndGlobalSection
EndGlobal
