
Microsoft Visual Studio Solution File, Format Version 12.00
Project("{FAE04EC0-301F-11D3-BF4B-00C04F79EFBC}") = "intex", "intex\intex.csproj", "{DF8972B0-8CC0-4A42-BFA9-49F12F401A95}"
EndProject
Project("{FAE04EC0-301F-11D3-BF4B-00C04F79EFBC}") = "intex.Tests", "intex.Tests\intex.Tests.csproj", "{B257A4C8-E92D-4FA5-9E98-1AF8580EE34F}"
EndProject
Global
	GlobalSection(SolutionConfigurationPlatforms) = preSolution
		Debug|Any CPU = Debug|Any CPU
		Release|Any CPU = Release|Any CPU
	EndGlobalSection
	GlobalSection(ProjectConfigurationPlatforms) = postSolution
		{DF8972B0-8CC0-4A42-BFA9-49F12F401A95}.Debug|Any CPU.ActiveCfg = Debug|Any CPU
		{DF8972B0-8CC0-4A42-BFA9-49F12F401A95}.Debug|Any CPU.Build.0 = Debug|Any CPU
		{DF8972B0-8CC0-4A42-BFA9-49F12F401A95}.Release|Any CPU.ActiveCfg = Release|Any CPU
		{DF8972B0-8CC0-4A42-BFA9-49F12F401A95}.Release|Any CPU.Build.0 = Release|Any CPU
		{B257A4C8-E92D-4FA5-9E98-1AF8580EE34F}.Debug|Any CPU.ActiveCfg = Debug|Any CPU
		{B257A4C8-E92D-4FA5-9E98-1AF8580EE34F}.Debug|Any CPU.Build.0 = Debug|Any CPU
		{B257A4C8-E92D-4FA5-9E98-1AF8580EE34F}.Release|Any CPU.ActiveCfg = Release|Any CPU
		{B257A4C8-E92D-4FA5-9E98-1AF8580EE34F}.Release|Any CPU.Build.0 = Release|Any CPU
	EndGlobalSection
EndGlobal
